<?xml version="1.0" encoding="utf-8"?>
<Project xmlns="http://schemas.microsoft.com/developer/msbuild/2003">
  <ItemGroup>
    <Filter Include="Generated Files">
      <UniqueIdentifier>{71ED8ED8-ACB9-4CE9-BBE1-E00B30144E11}</UniqueIdentifier>
      <Extensions>cpp;c;cxx;moc;h;def;odl;idl;res;</Extensions>
    </Filter>
    <Filter Include="Generated Files">
      <UniqueIdentifier>{71ED8ED8-ACB9-4CE9-BBE1-E00B30144E11}</UniqueIdentifier>
      <Extensions>cpp;c;cxx;moc;h;def;odl;idl;res;</Extensions>
    </Filter>
    <Filter Include="Header Files">
      <UniqueIdentifier>{93995380-89BD-4b04-88EB-625FBE52EBFB}</UniqueIdentifier>
      <Extensions>h;hpp;hxx;hm;inl;inc;xsd</Extensions>
    </Filter>
    <Filter Include="Header Files">
      <UniqueIdentifier>{93995380-89BD-4b04-88EB-625FBE52EBFB}</UniqueIdentifier>
      <Extensions>h;hpp;hxx;hm;inl;inc;xsd</Extensions>
    </Filter>
    <Filter Include="Resource Files">
      <UniqueIdentifier>{D9D6E242-F8AF-46E4-B9FD-80ECBC20BA3E}</UniqueIdentifier>
      <Extensions>qrc;*</Extensions>
      <ParseFiles>false</ParseFiles>
    </Filter>
    <Filter Include="Resource Files">
      <UniqueIdentifier>{D9D6E242-F8AF-46E4-B9FD-80ECBC20BA3E}</UniqueIdentifier>
      <Extensions>qrc;*</Extensions>
      <ParseFiles>false</ParseFiles>
    </Filter>
    <Filter Include="Source Files">
      <UniqueIdentifier>{4FC737F1-C7A5-4376-A066-2A32D752A2FF}</UniqueIdentifier>
      <Extensions>cpp;c;cxx;def;odl;idl;hpj;bat;asm;asmx</Extensions>
    </Filter>
    <Filter Include="Source Files">
      <UniqueIdentifier>{4FC737F1-C7A5-4376-A066-2A32D752A2FF}</UniqueIdentifier>
      <Extensions>cpp;c;cxx;def;odl;idl;hpj;bat;asm;asmx</Extensions>
    </Filter>
  </ItemGroup>
  <ItemGroup>
    <ClCompile Include="DEBlockAngularDimension.cpp">
      <Filter>Source Files</Filter>
    </ClCompile>
    <ClCompile Include="DEBlockBasicBase.cpp">
      <Filter>Source Files</Filter>
    </ClCompile>
    <ClCompile Include="DEBlockButton.cpp">
      <Filter>Source Files</Filter>
    </ClCompile>
    <ClCompile Include="DEBlockCommon.cpp">
      <Filter>Source Files</Filter>
    </ClCompile>
    <ClCompile Include="DEBlockDimension.cpp">
      <Filter>Source Files</Filter>
    </ClCompile>
    <ClCompile Include="DEBlockDouble.cpp">
      <Filter>Source Files</Filter>
    </ClCompile>
    <ClCompile Include="DEBlockEnumeration.cpp">
      <Filter>Source Files</Filter>
    </ClCompile>
    <ClCompile Include="DEBlockGroup.cpp">
      <Filter>Source Files</Filter>
    </ClCompile>
    <ClCompile Include="DEBlockInt.cpp">
      <Filter>Source Files</Filter>
    </ClCompile>
    <ClCompile Include="DEBlockLabel.cpp">
      <Filter>Source Files</Filter>
    </ClCompile>
    <ClCompile Include="DEBlockLayoutBase.cpp">
      <Filter>Source Files</Filter>
    </ClCompile>
    <ClCompile Include="DEBlockLinearDimension.cpp">
      <Filter>Source Files</Filter>
    </ClCompile>
    <ClCompile Include="DEBlockNumBase.cpp">
      <Filter>Source Files</Filter>
    </ClCompile>
    <ClCompile Include="DEBlockObject.cpp">
      <Filter>Source Files</Filter>
    </ClCompile>
    <ClCompile Include="DEBlockRadiusDimension.cpp">
      <Filter>Source Files</Filter>
    </ClCompile>
    <ClCompile Include="DEBlockSelectBase.cpp">
      <Filter>Source Files</Filter>
    </ClCompile>
    <ClCompile Include="DEBlockToggle.cpp">
      <Filter>Source Files</Filter>
    </ClCompile>
    <ClCompile Include="DECtrlLineEdit.cpp">
      <Filter>Source Files</Filter>
    </ClCompile>
  </ItemGroup>
  <ItemGroup>
    <ClInclude Include="..\..\include\DEUIBlock\DEBlockAngularDimension.h">
      <Filter>Header Files</Filter>
    </ClInclude>
    <ClInclude Include="..\..\include\DEUIBlock\DEBlockBasicBase.h">
      <Filter>Header Files</Filter>
    </ClInclude>
    <ClInclude Include="..\..\include\DEUIBlock\DEBlockButton.h">
      <Filter>Header Files</Filter>
    </ClInclude>
    <ClInclude Include="..\..\include\DEUIBlock\DEBlockCommon.h">
      <Filter>Header Files</Filter>
    </ClInclude>
    <ClInclude Include="..\..\include\DEUIBlock\DEBlockDimension.h">
      <Filter>Header Files</Filter>
    </ClInclude>
    <ClInclude Include="..\..\include\DEUIBlock\DEBlockDouble.h">
      <Filter>Header Files</Filter>
    </ClInclude>
    <CustomBuild Include="..\..\include\DEUIBlock\DEBlockEnumeration.h">
      <Filter>Header Files</Filter>
    </CustomBuild>
    <ClInclude Include="..\..\include\DEUIBlock\DEBlockGroup.h">
      <Filter>Header Files</Filter>
    </ClInclude>
    <ClInclude Include="..\..\include\DEUIBlock\DEBlockInt.h">
      <Filter>Header Files</Filter>
    </ClInclude>
    <ClInclude Include="..\..\include\DEUIBlock\DEBlockLabel.h">
      <Filter>Header Files</Filter>
    </ClInclude>
    <ClInclude Include="..\..\include\DEUIBlock\DEBlockLayoutBase.h">
      <Filter>Header Files</Filter>
    </ClInclude>
    <ClInclude Include="..\..\include\DEUIBlock\DEBlockLinearDimension.h">
      <Filter>Header Files</Filter>
    </ClInclude>
    <ClInclude Include="..\..\include\DEUIBlock\DEBlockNumBase.h">
      <Filter>Header Files</Filter>
    </ClInclude>
    <ClInclude Include="..\..\include\DEUIBlock\DEBlockObject.h">
      <Filter>Header Files</Filter>
    </ClInclude>
    <ClInclude Include="..\..\include\DEUIBlock\DEBlockRadiusDimension.h">
      <Filter>Header Files</Filter>
    </ClInclude>
    <CustomBuild Include="..\..\include\DEUIBlock\DEBlockSelectBase.h">
      <Filter>Header Files</Filter>
    </CustomBuild>
    <ClInclude Include="..\..\include\DEUIBlock\DEBlockToggle.h">
      <Filter>Header Files</Filter>
    </ClInclude>
    <CustomBuild Include="DECtrlLineEdit.h">
      <Filter>Header Files</Filter>
    </CustomBuild>
    <ClInclude Include="..\..\include\DEUIBlock\DEUIBlock_global.h">
      <Filter>Header Files</Filter>
    </ClInclude>
  </ItemGroup>
  <ItemGroup>
    <ClCompile Include="debug\moc_DEBlockEnumeration.cpp">
      <Filter>Generated Files</Filter>
    </ClCompile>
    <ClCompile Include="release\moc_DEBlockEnumeration.cpp">
      <Filter>Generated Files</Filter>
    </ClCompile>
    <ClCompile Include="debug\moc_DEBlockSelectBase.cpp">
      <Filter>Generated Files</Filter>
    </ClCompile>
    <ClCompile Include="release\moc_DEBlockSelectBase.cpp">
      <Filter>Generated Files</Filter>
    </ClCompile>
    <ClCompile Include="debug\moc_DECtrlLineEdit.cpp">
      <Filter>Generated Files</Filter>
    </ClCompile>
    <ClCompile Include="release\moc_DECtrlLineEdit.cpp">
      <Filter>Generated Files</Filter>
    </ClCompile>
    <CustomBuild Include="debug\moc_predefs.h.cbt">
      <Filter>Generated Files</Filter>
    </CustomBuild>
    <CustomBuild Include="release\moc_predefs.h.cbt">
      <Filter>Generated Files</Filter>
    </CustomBuild>
    <ClCompile Include="debug\qrc_DEBlock.cpp">
      <Filter>Generated Files</Filter>
    </ClCompile>
    <ClCompile Include="release\qrc_DEBlock.cpp">
      <Filter>Generated Files</Filter>
    </ClCompile>
  </ItemGroup>
  <ItemGroup>
    <None Include="Icon\Bottom.png">
      <Filter>Resource Files</Filter>
    </None>
    <CustomBuild Include="DEBlock.qrc">
      <Filter>Resource Files</Filter>
    </CustomBuild>
    <None Include="Icon\Required.png">
      <Filter>Resource Files</Filter>
    </None>
    <None Include="Icon\SatisFied.png">
      <Filter>Resource Files</Filter>
    </None>
    <None Include="Icon\SelectObject.png">
      <Filter>Resource Files</Filter>
    </None>
    <None Include="Icon\Top.png">
      <Filter>Resource Files</Filter>
    </None>
  </ItemGroup>
</Project>